
Microsoft Visual Studio Solution File, Format Version 12.00
# Visual Studio Version 17
VisualStudioVersion = 17.14.36414.22 d17.14
MinimumVisualStudioVersion = 10.0.40219.1
Project("{8BC9CEB8-8B4A-11D0-8D11-00A0C91BC942}") = "Ch 4 Ex. 1 Minimum-Maximum", "Ch 4 Ex. 1 Minimum-Maximum.vcxproj", "{21EB2CBE-2C22-4256-AF5F-BE8D99D6AF3C}"
EndProject
Global
	GlobalSection(SolutionConfigurationPlatforms) = preSolution
		Debug|x64 = Debug|x64
		Debug|x86 = Debug|x86
		Release|x64 = Release|x64
		Release|x86 = Release|x86
	EndGlobalSection
	GlobalSection(ProjectConfigurationPlatforms) = postSolution
		{21EB2CBE-2C22-4256-AF5F-BE8D99D6AF3C}.Debug|x64.ActiveCfg = Debug|x64
		{21EB2CBE-2C22-4256-AF5F-BE8D99D6AF3C}.Debug|x64.Build.0 = Debug|x64
		{21EB2CBE-2C22-4256-AF5F-BE8D99D6AF3C}.Debug|x86.ActiveCfg = Debug|Win32
		{21EB2CBE-2C22-4256-AF5F-BE8D99D6AF3C}.Debug|x86.Build.0 = Debug|Win32
		{21EB2CBE-2C22-4256-AF5F-BE8D99D6AF3C}.Release|x64.ActiveCfg = Release|x64
		{21EB2CBE-2C22-4256-AF5F-BE8D99D6AF3C}.Release|x64.Build.0 = Release|x64
		{21EB2CBE-2C22-4256-AF5F-BE8D99D6AF3C}.Release|x86.ActiveCfg = Release|Win32
		{21EB2CBE-2C22-4256-AF5F-BE8D99D6AF3C}.Release|x86.Build.0 = Release|Win32
	EndGlobalSection
	GlobalSection(SolutionProperties) = preSolution
		HideSolutionNode = FALSE
	EndGlobalSection
	GlobalSection(ExtensibilityGlobals) = postSolution
		SolutionGuid = {C606CE20-D343-47B2-B379-DA44C0C6EF04}
	EndGlobalSection
EndGlobal
